{
  "version": 4,
  "terraform_version": "0.12.19",
  "serial": 43,
  "lineage": "f9bfbf7b-1e5a-8bcf-ea69-71ab8fc1d514",
  "outputs": {
    "public_ip_address": {
      "value": [
        "52.179.2.244",
        "52.179.2.213",
        "13.68.131.172"
      ],
      "type": [
        "tuple",
        [
          "string",
          "string",
          "string"
        ]
      ]
    },
    "public_ip_id": {
      "value": [
        "/subscriptions/48c33b60-c35a-414a-9830-87ba0bc17d7f/resourceGroups/proxyResourceGroup/providers/Microsoft.Network/publicIPAddresses/pip-0",
        "/subscriptions/48c33b60-c35a-414a-9830-87ba0bc17d7f/resourceGroups/proxyResourceGroup/providers/Microsoft.Network/publicIPAddresses/pip-1",
        "/subscriptions/48c33b60-c35a-414a-9830-87ba0bc17d7f/resourceGroups/proxyResourceGroup/providers/Microsoft.Network/publicIPAddresses/pip-2"
      ],
      "type": [
        "tuple",
        [
          "string",
          "string",
          "string"
        ]
      ]
    }
  },
  "resources": [
    {
      "mode": "managed",
      "type": "azurerm_network_interface",
      "name": "nic",
      "each": "list",
      "provider": "provider.azurerm",
      "instances": [
        {
          "index_key": 0,
          "schema_version": 0,
          "attributes": {
            "applied_dns_servers": [],
            "dns_servers": [],
            "enable_accelerated_networking": false,
            "enable_ip_forwarding": false,
            "id": "/subscriptions/48c33b60-c35a-414a-9830-87ba0bc17d7f/resourceGroups/proxyResourceGroup/providers/Microsoft.Network/networkInterfaces/nic-0",
            "internal_dns_name_label": "",
            "internal_fqdn": "",
            "ip_configuration": [
              {
                "application_gateway_backend_address_pools_ids": [],
                "application_security_group_ids": [],
                "load_balancer_backend_address_pools_ids": [],
                "load_balancer_inbound_nat_rules_ids": [],
                "name": "myNicConfiguration",
                "primary": true,
                "private_ip_address": "10.0.2.4",
                "private_ip_address_allocation": "dynamic",
                "private_ip_address_version": "IPv4",
                "public_ip_address_id": "/subscriptions/48c33b60-c35a-414a-9830-87ba0bc17d7f/resourceGroups/proxyResourceGroup/providers/Microsoft.Network/publicIPAddresses/pip-0",
                "subnet_id": "/subscriptions/48c33b60-c35a-414a-9830-87ba0bc17d7f/resourceGroups/proxyResourceGroup/providers/Microsoft.Network/virtualNetworks/myVnet/subnets/mySubnet"
              }
            ],
            "location": "eastus",
            "mac_address": "00-0D-3A-8E-4D-C5",
            "name": "nic-0",
            "network_security_group_id": "/subscriptions/48c33b60-c35a-414a-9830-87ba0bc17d7f/resourceGroups/proxyResourceGroup/providers/Microsoft.Network/networkSecurityGroups/myNetworkSecurityGroup",
            "private_ip_address": "10.0.2.4",
            "private_ip_addresses": [
              "10.0.2.4"
            ],
            "resource_group_name": "proxyResourceGroup",
            "tags": {
              "environment": "Terraform Demo"
            },
            "virtual_machine_id": "/subscriptions/48c33b60-c35a-414a-9830-87ba0bc17d7f/resourceGroups/proxyResourceGroup/providers/Microsoft.Compute/virtualMachines/proxy-node-0"
          },
          "private": "bnVsbA==",
          "dependencies": [
            "azurerm_network_security_group.myterraformnsg",
            "azurerm_public_ip.myterraformpublicip",
            "azurerm_resource_group.myterraformgroup",
            "azurerm_subnet.myterraformsubnet",
            "azurerm_virtual_network.myterraformnetwork"
          ]
        },
        {
          "index_key": 1,
          "schema_version": 0,
          "attributes": {
            "applied_dns_servers": [],
            "dns_servers": [],
            "enable_accelerated_networking": false,
            "enable_ip_forwarding": false,
            "id": "/subscriptions/48c33b60-c35a-414a-9830-87ba0bc17d7f/resourceGroups/proxyResourceGroup/providers/Microsoft.Network/networkInterfaces/nic-1",
            "internal_dns_name_label": "",
            "internal_fqdn": "",
            "ip_configuration": [
              {
                "application_gateway_backend_address_pools_ids": [],
                "application_security_group_ids": [],
                "load_balancer_backend_address_pools_ids": [],
                "load_balancer_inbound_nat_rules_ids": [],
                "name": "myNicConfiguration",
                "primary": true,
                "private_ip_address": "10.0.2.5",
                "private_ip_address_allocation": "dynamic",
                "private_ip_address_version": "IPv4",
                "public_ip_address_id": "/subscriptions/48c33b60-c35a-414a-9830-87ba0bc17d7f/resourceGroups/proxyResourceGroup/providers/Microsoft.Network/publicIPAddresses/pip-1",
                "subnet_id": "/subscriptions/48c33b60-c35a-414a-9830-87ba0bc17d7f/resourceGroups/proxyResourceGroup/providers/Microsoft.Network/virtualNetworks/myVnet/subnets/mySubnet"
              }
            ],
            "location": "eastus",
            "mac_address": "00-0D-3A-8E-21-62",
            "name": "nic-1",
            "network_security_group_id": "/subscriptions/48c33b60-c35a-414a-9830-87ba0bc17d7f/resourceGroups/proxyResourceGroup/providers/Microsoft.Network/networkSecurityGroups/myNetworkSecurityGroup",
            "private_ip_address": "10.0.2.5",
            "private_ip_addresses": [
              "10.0.2.5"
            ],
            "resource_group_name": "proxyResourceGroup",
            "tags": {
              "environment": "Terraform Demo"
            },
            "virtual_machine_id": "/subscriptions/48c33b60-c35a-414a-9830-87ba0bc17d7f/resourceGroups/proxyResourceGroup/providers/Microsoft.Compute/virtualMachines/proxy-node-1"
          },
          "private": "bnVsbA==",
          "dependencies": [
            "azurerm_network_security_group.myterraformnsg",
            "azurerm_public_ip.myterraformpublicip",
            "azurerm_resource_group.myterraformgroup",
            "azurerm_subnet.myterraformsubnet",
            "azurerm_virtual_network.myterraformnetwork"
          ]
        },
        {
          "index_key": 2,
          "schema_version": 0,
          "attributes": {
            "applied_dns_servers": [],
            "dns_servers": [],
            "enable_accelerated_networking": false,
            "enable_ip_forwarding": false,
            "id": "/subscriptions/48c33b60-c35a-414a-9830-87ba0bc17d7f/resourceGroups/proxyResourceGroup/providers/Microsoft.Network/networkInterfaces/nic-2",
            "internal_dns_name_label": "",
            "internal_fqdn": "",
            "ip_configuration": [
              {
                "application_gateway_backend_address_pools_ids": [],
                "application_security_group_ids": [],
                "load_balancer_backend_address_pools_ids": [],
                "load_balancer_inbound_nat_rules_ids": [],
                "name": "myNicConfiguration",
                "primary": true,
                "private_ip_address": "10.0.2.6",
                "private_ip_address_allocation": "dynamic",
                "private_ip_address_version": "IPv4",
                "public_ip_address_id": "/subscriptions/48c33b60-c35a-414a-9830-87ba0bc17d7f/resourceGroups/proxyResourceGroup/providers/Microsoft.Network/publicIPAddresses/pip-2",
                "subnet_id": "/subscriptions/48c33b60-c35a-414a-9830-87ba0bc17d7f/resourceGroups/proxyResourceGroup/providers/Microsoft.Network/virtualNetworks/myVnet/subnets/mySubnet"
              }
            ],
            "location": "eastus",
            "mac_address": "00-0D-3A-8E-28-E2",
            "name": "nic-2",
            "network_security_group_id": "/subscriptions/48c33b60-c35a-414a-9830-87ba0bc17d7f/resourceGroups/proxyResourceGroup/providers/Microsoft.Network/networkSecurityGroups/myNetworkSecurityGroup",
            "private_ip_address": "10.0.2.6",
            "private_ip_addresses": [
              "10.0.2.6"
            ],
            "resource_group_name": "proxyResourceGroup",
            "tags": {
              "environment": "Terraform Demo"
            },
            "virtual_machine_id": "/subscriptions/48c33b60-c35a-414a-9830-87ba0bc17d7f/resourceGroups/proxyResourceGroup/providers/Microsoft.Compute/virtualMachines/proxy-node-2"
          },
          "private": "bnVsbA==",
          "dependencies": [
            "azurerm_network_security_group.myterraformnsg",
            "azurerm_public_ip.myterraformpublicip",
            "azurerm_resource_group.myterraformgroup",
            "azurerm_subnet.myterraformsubnet",
            "azurerm_virtual_network.myterraformnetwork"
          ]
        }
      ]
    },
    {
      "mode": "managed",
      "type": "azurerm_network_security_group",
      "name": "myterraformnsg",
      "provider": "provider.azurerm",
      "instances": [
        {
          "schema_version": 0,
          "attributes": {
            "id": "/subscriptions/48c33b60-c35a-414a-9830-87ba0bc17d7f/resourceGroups/proxyResourceGroup/providers/Microsoft.Network/networkSecurityGroups/myNetworkSecurityGroup",
            "location": "eastus",
            "name": "myNetworkSecurityGroup",
            "resource_group_name": "proxyResourceGroup",
            "security_rule": [
              {
                "access": "Allow",
                "description": "",
                "destination_address_prefix": "*",
                "destination_address_prefixes": [],
                "destination_application_security_group_ids": [],
                "destination_port_range": "22",
                "destination_port_ranges": [],
                "direction": "Inbound",
                "name": "SSH",
                "priority": 1001,
                "protocol": "Tcp",
                "source_address_prefix": "*",
                "source_address_prefixes": [],
                "source_application_security_group_ids": [],
                "source_port_range": "*",
                "source_port_ranges": []
              }
            ],
            "tags": {
              "environment": "Terraform Demo"
            }
          },
          "private": "bnVsbA==",
          "dependencies": [
            "azurerm_resource_group.myterraformgroup"
          ]
        }
      ]
    },
    {
      "mode": "managed",
      "type": "azurerm_public_ip",
      "name": "myterraformpublicip",
      "each": "list",
      "provider": "provider.azurerm",
      "instances": [
        {
          "index_key": 0,
          "schema_version": 0,
          "attributes": {
            "allocation_method": "Static",
            "domain_name_label": null,
            "fqdn": null,
            "id": "/subscriptions/48c33b60-c35a-414a-9830-87ba0bc17d7f/resourceGroups/proxyResourceGroup/providers/Microsoft.Network/publicIPAddresses/pip-0",
            "idle_timeout_in_minutes": 4,
            "ip_address": "52.179.2.244",
            "ip_version": "IPv4",
            "location": "eastus",
            "name": "pip-0",
            "public_ip_address_allocation": "Static",
            "public_ip_prefix_id": null,
            "resource_group_name": "proxyResourceGroup",
            "reverse_fqdn": null,
            "sku": "Basic",
            "tags": {
              "environment": "Terraform Demo"
            },
            "zones": []
          },
          "private": "bnVsbA==",
          "dependencies": [
            "azurerm_resource_group.myterraformgroup"
          ]
        },
        {
          "index_key": 1,
          "schema_version": 0,
          "attributes": {
            "allocation_method": "Static",
            "domain_name_label": null,
            "fqdn": null,
            "id": "/subscriptions/48c33b60-c35a-414a-9830-87ba0bc17d7f/resourceGroups/proxyResourceGroup/providers/Microsoft.Network/publicIPAddresses/pip-1",
            "idle_timeout_in_minutes": 4,
            "ip_address": "52.179.2.213",
            "ip_version": "IPv4",
            "location": "eastus",
            "name": "pip-1",
            "public_ip_address_allocation": "Static",
            "public_ip_prefix_id": null,
            "resource_group_name": "proxyResourceGroup",
            "reverse_fqdn": null,
            "sku": "Basic",
            "tags": {
              "environment": "Terraform Demo"
            },
            "zones": []
          },
          "private": "bnVsbA==",
          "dependencies": [
            "azurerm_resource_group.myterraformgroup"
          ]
        },
        {
          "index_key": 2,
          "schema_version": 0,
          "attributes": {
            "allocation_method": "Static",
            "domain_name_label": null,
            "fqdn": null,
            "id": "/subscriptions/48c33b60-c35a-414a-9830-87ba0bc17d7f/resourceGroups/proxyResourceGroup/providers/Microsoft.Network/publicIPAddresses/pip-2",
            "idle_timeout_in_minutes": 4,
            "ip_address": "13.68.131.172",
            "ip_version": "IPv4",
            "location": "eastus",
            "name": "pip-2",
            "public_ip_address_allocation": "Static",
            "public_ip_prefix_id": null,
            "resource_group_name": "proxyResourceGroup",
            "reverse_fqdn": null,
            "sku": "Basic",
            "tags": {
              "environment": "Terraform Demo"
            },
            "zones": []
          },
          "private": "bnVsbA==",
          "dependencies": [
            "azurerm_resource_group.myterraformgroup"
          ]
        }
      ]
    },
    {
      "mode": "managed",
      "type": "azurerm_resource_group",
      "name": "myterraformgroup",
      "provider": "provider.azurerm",
      "instances": [
        {
          "schema_version": 0,
          "attributes": {
            "id": "/subscriptions/48c33b60-c35a-414a-9830-87ba0bc17d7f/resourceGroups/proxyResourceGroup",
            "location": "eastus",
            "name": "proxyResourceGroup",
            "tags": {
              "environment": "Terraform Demo"
            }
          },
          "private": "bnVsbA=="
        }
      ]
    },
    {
      "mode": "managed",
      "type": "azurerm_subnet",
      "name": "myterraformsubnet",
      "provider": "provider.azurerm",
      "instances": [
        {
          "schema_version": 0,
          "attributes": {
            "address_prefix": "10.0.2.0/24",
            "delegation": [],
            "enforce_private_link_endpoint_network_policies": false,
            "enforce_private_link_service_network_policies": false,
            "id": "/subscriptions/48c33b60-c35a-414a-9830-87ba0bc17d7f/resourceGroups/proxyResourceGroup/providers/Microsoft.Network/virtualNetworks/myVnet/subnets/mySubnet",
            "ip_configurations": [
              "/subscriptions/48c33b60-c35a-414a-9830-87ba0bc17d7f/resourceGroups/proxyResourceGroup/providers/Microsoft.Network/networkInterfaces/nic-0/ipConfigurations/myNicConfiguration",
              "/subscriptions/48c33b60-c35a-414a-9830-87ba0bc17d7f/resourceGroups/proxyResourceGroup/providers/Microsoft.Network/networkInterfaces/nic-1/ipConfigurations/myNicConfiguration",
              "/subscriptions/48c33b60-c35a-414a-9830-87ba0bc17d7f/resourceGroups/proxyResourceGroup/providers/Microsoft.Network/networkInterfaces/nic-2/ipConfigurations/myNicConfiguration"
            ],
            "name": "mySubnet",
            "network_security_group_id": "",
            "resource_group_name": "proxyResourceGroup",
            "route_table_id": "",
            "service_endpoints": [],
            "virtual_network_name": "myVnet"
          },
          "private": "bnVsbA==",
          "dependencies": [
            "azurerm_resource_group.myterraformgroup",
            "azurerm_virtual_network.myterraformnetwork"
          ]
        }
      ]
    },
    {
      "mode": "managed",
      "type": "azurerm_virtual_machine",
      "name": "myterraformvm",
      "each": "list",
      "provider": "provider.azurerm",
      "instances": [
        {
          "index_key": 0,
          "status": "tainted",
          "schema_version": 0,
          "attributes": {
            "additional_capabilities": [],
            "availability_set_id": null,
            "boot_diagnostics": [],
            "delete_data_disks_on_termination": false,
            "delete_os_disk_on_termination": false,
            "id": "/subscriptions/48c33b60-c35a-414a-9830-87ba0bc17d7f/resourceGroups/proxyResourceGroup/providers/Microsoft.Compute/virtualMachines/proxy-node-0",
            "identity": [],
            "license_type": null,
            "location": "eastus",
            "name": "proxy-node-0",
            "network_interface_ids": [
              "/subscriptions/48c33b60-c35a-414a-9830-87ba0bc17d7f/resourceGroups/proxyResourceGroup/providers/Microsoft.Network/networkInterfaces/nic-0"
            ],
            "os_profile": [
              {
                "admin_password": "",
                "admin_username": "ubuntu",
                "computer_name": "ubuntu",
                "custom_data": ""
              }
            ],
            "os_profile_linux_config": [
              {
                "disable_password_authentication": false,
                "ssh_keys": []
              }
            ],
            "os_profile_secrets": [],
            "os_profile_windows_config": [],
            "plan": [],
            "primary_network_interface_id": null,
            "proximity_placement_group_id": null,
            "resource_group_name": "proxyResourceGroup",
            "storage_data_disk": [],
            "storage_image_reference": [
              {
                "id": "",
                "offer": "UbuntuServer",
                "publisher": "Canonical",
                "sku": "16.04.0-LTS",
                "version": "latest"
              }
            ],
            "storage_os_disk": [
              {
                "caching": "ReadWrite",
                "create_option": "FromImage",
                "disk_size_gb": 30,
                "image_uri": "",
                "managed_disk_id": "/subscriptions/48c33b60-c35a-414a-9830-87ba0bc17d7f/resourceGroups/PROXYRESOURCEGROUP/providers/Microsoft.Compute/disks/proxy-os-disk-0",
                "managed_disk_type": "Premium_LRS",
                "name": "proxy-os-disk-0",
                "os_type": "Linux",
                "vhd_uri": "",
                "write_accelerator_enabled": false
              }
            ],
            "tags": {
              "environment": "Terraform Demo"
            },
            "vm_size": "Standard_DS1_v2",
            "zones": []
          },
          "private": "bnVsbA==",
          "dependencies": [
            "azurerm_network_interface.nic",
            "azurerm_public_ip.myterraformpublicip",
            "azurerm_resource_group.myterraformgroup"
          ]
        },
        {
          "index_key": 1,
          "status": "tainted",
          "schema_version": 0,
          "attributes": {
            "additional_capabilities": [],
            "availability_set_id": null,
            "boot_diagnostics": [],
            "delete_data_disks_on_termination": false,
            "delete_os_disk_on_termination": false,
            "id": "/subscriptions/48c33b60-c35a-414a-9830-87ba0bc17d7f/resourceGroups/proxyResourceGroup/providers/Microsoft.Compute/virtualMachines/proxy-node-1",
            "identity": [],
            "license_type": null,
            "location": "eastus",
            "name": "proxy-node-1",
            "network_interface_ids": [
              "/subscriptions/48c33b60-c35a-414a-9830-87ba0bc17d7f/resourceGroups/proxyResourceGroup/providers/Microsoft.Network/networkInterfaces/nic-1"
            ],
            "os_profile": [
              {
                "admin_password": "",
                "admin_username": "ubuntu",
                "computer_name": "ubuntu",
                "custom_data": ""
              }
            ],
            "os_profile_linux_config": [
              {
                "disable_password_authentication": false,
                "ssh_keys": []
              }
            ],
            "os_profile_secrets": [],
            "os_profile_windows_config": [],
            "plan": [],
            "primary_network_interface_id": null,
            "proximity_placement_group_id": null,
            "resource_group_name": "proxyResourceGroup",
            "storage_data_disk": [],
            "storage_image_reference": [
              {
                "id": "",
                "offer": "UbuntuServer",
                "publisher": "Canonical",
                "sku": "16.04.0-LTS",
                "version": "latest"
              }
            ],
            "storage_os_disk": [
              {
                "caching": "ReadWrite",
                "create_option": "FromImage",
                "disk_size_gb": 30,
                "image_uri": "",
                "managed_disk_id": "/subscriptions/48c33b60-c35a-414a-9830-87ba0bc17d7f/resourceGroups/PROXYRESOURCEGROUP/providers/Microsoft.Compute/disks/proxy-os-disk-1",
                "managed_disk_type": "Premium_LRS",
                "name": "proxy-os-disk-1",
                "os_type": "Linux",
                "vhd_uri": "",
                "write_accelerator_enabled": false
              }
            ],
            "tags": {
              "environment": "Terraform Demo"
            },
            "vm_size": "Standard_DS1_v2",
            "zones": []
          },
          "private": "bnVsbA==",
          "dependencies": [
            "azurerm_network_interface.nic",
            "azurerm_public_ip.myterraformpublicip",
            "azurerm_resource_group.myterraformgroup"
          ]
        }
      ]
    },
    {
      "mode": "managed",
      "type": "azurerm_virtual_network",
      "name": "myterraformnetwork",
      "provider": "provider.azurerm",
      "instances": [
        {
          "schema_version": 0,
          "attributes": {
            "address_space": [
              "10.0.0.0/16"
            ],
            "ddos_protection_plan": [],
            "dns_servers": [],
            "id": "/subscriptions/48c33b60-c35a-414a-9830-87ba0bc17d7f/resourceGroups/proxyResourceGroup/providers/Microsoft.Network/virtualNetworks/myVnet",
            "location": "eastus",
            "name": "myVnet",
            "resource_group_name": "proxyResourceGroup",
            "subnet": [
              {
                "address_prefix": "10.0.2.0/24",
                "id": "/subscriptions/48c33b60-c35a-414a-9830-87ba0bc17d7f/resourceGroups/proxyResourceGroup/providers/Microsoft.Network/virtualNetworks/myVnet/subnets/mySubnet",
                "name": "mySubnet",
                "security_group": ""
              }
            ],
            "tags": {
              "environment": "Terraform Demo"
            }
          },
          "private": "bnVsbA==",
          "dependencies": [
            "azurerm_resource_group.myterraformgroup"
          ]
        }
      ]
    }
  ]
}
